
Microsoft Visual Studio Solution File, Format Version 12.00
# Visual Studio Version 17
VisualStudioVersion = 17.2.32630.192
MinimumVisualStudioVersion = 10.0.40219.1
Project("{FAE04EC0-301F-11D3-BF4B-00C04F79EFBC}") = "HashTable", "HashTable.csproj", "{16FBE68A-65AA-4F02-BAAB-9085B61C086A}"
EndProject
Global
	GlobalSection(SolutionConfigurationPlatforms) = preSolution
		Debug|Any CPU = Debug|Any CPU
		Release|Any CPU = Release|Any CPU
	EndGlobalSection
	GlobalSection(ProjectConfigurationPlatforms) = postSolution
		{16FBE68A-65AA-4F02-BAAB-9085B61C086A}.Debug|Any CPU.ActiveCfg = Debug|Any CPU
		{16FBE68A-65AA-4F02-BAAB-9085B61C086A}.Debug|Any CPU.Build.0 = Debug|Any CPU
		{16FBE68A-65AA-4F02-BAAB-9085B61C086A}.Release|Any CPU.ActiveCfg = Release|Any CPU
		{16FBE68A-65AA-4F02-BAAB-9085B61C086A}.Release|Any CPU.Build.0 = Release|Any CPU
	EndGlobalSection
	GlobalSection(SolutionProperties) = preSolution
		HideSolutionNode = FALSE
	EndGlobalSection
	GlobalSection(ExtensibilityGlobals) = postSolution
		SolutionGuid = {572382A9-41A7-42B6-84CA-9D747C4BEC8C}
	EndGlobalSection
EndGlobal
